
Microsoft Visual Studio Solution File, Format Version 12.00
# Visual Studio Version 17
VisualStudioVersion = 17.1.32228.430
MinimumVisualStudioVersion = 10.0.40219.1
Project("{8BC9CEB8-8B4A-11D0-8D11-00A0C91BC942}") = "Pr1_Control1", "..\Praktika1\Pr1_Control1\Pr1_Control1.vcxproj", "{74195A0E-7418-4F5C-A252-18ABAAF27EC3}"
EndProject
Project("{8BC9CEB8-8B4A-11D0-8D11-00A0C91BC942}") = "Pr2_Control1", "..\Praktika2\Pr2_Control1\Pr2_Control1.vcxproj", "{7F8DD12E-1031-482D-833E-241F38461E18}"
EndProject
Project("{8BC9CEB8-8B4A-11D0-8D11-00A0C91BC942}") = "Pr2_Control2", "..\Praktika2\Pr2_Control2\Pr2_Control2.vcxproj", "{17D8222E-3CAA-4FFF-8286-5E02AE6DECB7}"
EndProject
Project("{8BC9CEB8-8B4A-11D0-8D11-00A0C91BC942}") = "Pr2_Control3", "..\Praktika2\Pr2_Control3\Pr2_Control3.vcxproj", "{47E899EA-C02F-45AE-8ADF-7922C102B74C}"
EndProject
Project("{8BC9CEB8-8B4A-11D0-8D11-00A0C91BC942}") = "Pr2_Control4", "..\Praktika2\Pr2_Control4\Pr2_Control4.vcxproj", "{EEF09563-7EBF-45C6-9C8D-1224F53D6271}"
EndProject
Project("{8BC9CEB8-8B4A-11D0-8D11-00A0C91BC942}") = "Pr3_Control1", "..\Praktika3\Pr3_Control1\Pr3_Control1.vcxproj", "{E9296C88-9E7F-415C-AD1D-278094571199}"
EndProject
Project("{8BC9CEB8-8B4A-11D0-8D11-00A0C91BC942}") = "Pr3_Control2", "..\Praktika3\Pr3_Control2\Pr3_Control2.vcxproj", "{3698247E-71C2-443C-88A7-7A0958AD134E}"
EndProject
Project("{8BC9CEB8-8B4A-11D0-8D11-00A0C91BC942}") = "Pr3_Control3", "..\Praktika3\Pr3_Control3\Pr3_Control3.vcxproj", "{DAE39CC9-8BFF-4F2C-A1FB-6D3EEFC291C8}"
EndProject
Project("{8BC9CEB8-8B4A-11D0-8D11-00A0C91BC942}") = "Pr3_Control4", "..\Praktika3\Pr3_Control4\Pr3_Control4.vcxproj", "{B95ED96A-F3C8-4F66-AA57-DAC5AE522D2A}"
EndProject
Project("{8BC9CEB8-8B4A-11D0-8D11-00A0C91BC942}") = "Pr4_Control1", "..\Praktika4\Pr4_Control1\Pr4_Control1.vcxproj", "{9F44F1AE-C883-4348-9662-783471E96318}"
EndProject
Project("{8BC9CEB8-8B4A-11D0-8D11-00A0C91BC942}") = "Pr4_Control2", "..\Praktika4\Pr4_Control2\Pr4_Control2.vcxproj", "{DFCE386C-BE3F-4CE9-883B-003D908B65D5}"
EndProject
Project("{8BC9CEB8-8B4A-11D0-8D11-00A0C91BC942}") = "Pr5_Control1", "..\Praktika5\Pr5_Control1\Pr5_Control1.vcxproj", "{B7331A04-69E0-47DC-A24B-4E2AF5B0020B}"
EndProject
Project("{8BC9CEB8-8B4A-11D0-8D11-00A0C91BC942}") = "Pr5_Control2", "..\Praktika5\Pr5_Control2\Pr5_Control2.vcxproj", "{D37E0D1C-469D-4350-9C4B-FD6608530885}"
EndProject
Project("{8BC9CEB8-8B4A-11D0-8D11-00A0C91BC942}") = "Pr6_Control1", "..\Praktika6\Pr6_Control1\Pr6_Control1.vcxproj", "{87FD4BAC-3F1D-4259-99BF-78D113934498}"
EndProject
Project("{8BC9CEB8-8B4A-11D0-8D11-00A0C91BC942}") = "Pr6_Control2", "..\Praktika6\Pr6_Control2\Pr6_Control2.vcxproj", "{6494F6DD-4219-41C7-8DDC-0BD5A5732FDA}"
EndProject
Project("{8BC9CEB8-8B4A-11D0-8D11-00A0C91BC942}") = "Pr7_Control1", "..\Prakktika7\Pr7_Control1\Pr7_Control1.vcxproj", "{8B49A040-51A6-4245-8DFE-8474D92DD66E}"
EndProject
Project("{8BC9CEB8-8B4A-11D0-8D11-00A0C91BC942}") = "Pr7_Control2", "..\Prakktika7\Pr7_Control2\Pr7_Control2.vcxproj", "{91ABF2E6-D4D9-4027-8CE9-6E5C758B7967}"
EndProject
Project("{8BC9CEB8-8B4A-11D0-8D11-00A0C91BC942}") = "Pr7_Control3", "..\Prakktika7\Pr7_Control3\Pr7_Control3.vcxproj", "{C1AE2FDE-59A6-4235-936C-85C808525580}"
EndProject
Project("{8BC9CEB8-8B4A-11D0-8D11-00A0C91BC942}") = "Pr9_Control1", "..\Praktika9\Pr9_Control1\Pr9_Control1.vcxproj", "{0B0B8E7E-ADB7-4CD1-A779-97189149E347}"
EndProject
Project("{8BC9CEB8-8B4A-11D0-8D11-00A0C91BC942}") = "Pr8_Control1", "..\Praktika8\Pr8_Control1\Pr8_Control1.vcxproj", "{74E2261E-F6B5-4AC2-B108-3C3EC199D2AC}"
EndProject
Project("{8BC9CEB8-8B4A-11D0-8D11-00A0C91BC942}") = "Praktika10_Control1", "..\Praktika10\Praktika10_Control1\Praktika10_Control1.vcxproj", "{CA295AF8-DA25-4416-A3A9-111402521058}"
EndProject
Project("{8BC9CEB8-8B4A-11D0-8D11-00A0C91BC942}") = "Praktika11_Control1", "..\Praktika11\Praktika11_Control1\Praktika11_Control1.vcxproj", "{9B7ADB9A-8501-4F54-AAB2-A9A90AFF644D}"
EndProject
Project("{8BC9CEB8-8B4A-11D0-8D11-00A0C91BC942}") = "Praktika11_Control2", "..\Praktika11\Praktika11_Control2\Praktika11_Control2.vcxproj", "{CA255360-97BA-4692-A7CF-3DD3A8E6D08B}"
EndProject
Project("{8BC9CEB8-8B4A-11D0-8D11-00A0C91BC942}") = "Praktika13_Control1", "..\Praktika13\Praktika13_Control1\Praktika13_Control1.vcxproj", "{84364F52-1D89-4492-B689-D477CE8B7F23}"
EndProject
Project("{8BC9CEB8-8B4A-11D0-8D11-00A0C91BC942}") = "Praktika14_Control1", "..\Praktika14\Praktika14_Control1\Praktika14_Control1.vcxproj", "{9D2DA4D3-3EBF-462C-898D-DC6B2E7729A2}"
EndProject
Project("{8BC9CEB8-8B4A-11D0-8D11-00A0C91BC942}") = "Praktika15_Control1", "..\Praktika15\Praktika15_Control1\Praktika15_Control1.vcxproj", "{59E458E7-B7D8-4215-A7A3-8C9E0351F7B2}"
EndProject
Project("{8BC9CEB8-8B4A-11D0-8D11-00A0C91BC942}") = "AddrBook", "..\Final_AddressBook\AddrBook\AddrBook.vcxproj", "{0C3CE534-92A6-4A28-A1FF-97000DDCCD14}"
EndProject
Global
	GlobalSection(SolutionConfigurationPlatforms) = preSolution
		Debug|x64 = Debug|x64
		Debug|x86 = Debug|x86
		Release|x64 = Release|x64
		Release|x86 = Release|x86
	EndGlobalSection
	GlobalSection(ProjectConfigurationPlatforms) = postSolution
		{74195A0E-7418-4F5C-A252-18ABAAF27EC3}.Debug|x64.ActiveCfg = Debug|x64
		{74195A0E-7418-4F5C-A252-18ABAAF27EC3}.Debug|x64.Build.0 = Debug|x64
		{74195A0E-7418-4F5C-A252-18ABAAF27EC3}.Debug|x86.ActiveCfg = Debug|Win32
		{74195A0E-7418-4F5C-A252-18ABAAF27EC3}.Debug|x86.Build.0 = Debug|Win32
		{74195A0E-7418-4F5C-A252-18ABAAF27EC3}.Release|x64.ActiveCfg = Release|x64
		{74195A0E-7418-4F5C-A252-18ABAAF27EC3}.Release|x64.Build.0 = Release|x64
		{74195A0E-7418-4F5C-A252-18ABAAF27EC3}.Release|x86.ActiveCfg = Release|Win32
		{74195A0E-7418-4F5C-A252-18ABAAF27EC3}.Release|x86.Build.0 = Release|Win32
		{7F8DD12E-1031-482D-833E-241F38461E18}.Debug|x64.ActiveCfg = Debug|x64
		{7F8DD12E-1031-482D-833E-241F38461E18}.Debug|x64.Build.0 = Debug|x64
		{7F8DD12E-1031-482D-833E-241F38461E18}.Debug|x86.ActiveCfg = Debug|Win32
		{7F8DD12E-1031-482D-833E-241F38461E18}.Debug|x86.Build.0 = Debug|Win32
		{7F8DD12E-1031-482D-833E-241F38461E18}.Release|x64.ActiveCfg = Release|x64
		{7F8DD12E-1031-482D-833E-241F38461E18}.Release|x64.Build.0 = Release|x64
		{7F8DD12E-1031-482D-833E-241F38461E18}.Release|x86.ActiveCfg = Release|Win32
		{7F8DD12E-1031-482D-833E-241F38461E18}.Release|x86.Build.0 = Release|Win32
		{17D8222E-3CAA-4FFF-8286-5E02AE6DECB7}.Debug|x64.ActiveCfg = Debug|x64
		{17D8222E-3CAA-4FFF-8286-5E02AE6DECB7}.Debug|x64.Build.0 = Debug|x64
		{17D8222E-3CAA-4FFF-8286-5E02AE6DECB7}.Debug|x86.ActiveCfg = Debug|Win32
		{17D8222E-3CAA-4FFF-8286-5E02AE6DECB7}.Debug|x86.Build.0 = Debug|Win32
		{17D8222E-3CAA-4FFF-8286-5E02AE6DECB7}.Release|x64.ActiveCfg = Release|x64
		{17D8222E-3CAA-4FFF-8286-5E02AE6DECB7}.Release|x64.Build.0 = Release|x64
		{17D8222E-3CAA-4FFF-8286-5E02AE6DECB7}.Release|x86.ActiveCfg = Release|Win32
		{17D8222E-3CAA-4FFF-8286-5E02AE6DECB7}.Release|x86.Build.0 = Release|Win32
		{47E899EA-C02F-45AE-8ADF-7922C102B74C}.Debug|x64.ActiveCfg = Debug|x64
		{47E899EA-C02F-45AE-8ADF-7922C102B74C}.Debug|x64.Build.0 = Debug|x64
		{47E899EA-C02F-45AE-8ADF-7922C102B74C}.Debug|x86.ActiveCfg = Debug|Win32
		{47E899EA-C02F-45AE-8ADF-7922C102B74C}.Debug|x86.Build.0 = Debug|Win32
		{47E899EA-C02F-45AE-8ADF-7922C102B74C}.Release|x64.ActiveCfg = Release|x64
		{47E899EA-C02F-45AE-8ADF-7922C102B74C}.Release|x64.Build.0 = Release|x64
		{47E899EA-C02F-45AE-8ADF-7922C102B74C}.Release|x86.ActiveCfg = Release|Win32
		{47E899EA-C02F-45AE-8ADF-7922C102B74C}.Release|x86.Build.0 = Release|Win32
		{EEF09563-7EBF-45C6-9C8D-1224F53D6271}.Debug|x64.ActiveCfg = Debug|x64
		{EEF09563-7EBF-45C6-9C8D-1224F53D6271}.Debug|x64.Build.0 = Debug|x64
		{EEF09563-7EBF-45C6-9C8D-1224F53D6271}.Debug|x86.ActiveCfg = Debug|Win32
		{EEF09563-7EBF-45C6-9C8D-1224F53D6271}.Debug|x86.Build.0 = Debug|Win32
		{EEF09563-7EBF-45C6-9C8D-1224F53D6271}.Release|x64.ActiveCfg = Release|x64
		{EEF09563-7EBF-45C6-9C8D-1224F53D6271}.Release|x64.Build.0 = Release|x64
		{EEF09563-7EBF-45C6-9C8D-1224F53D6271}.Release|x86.ActiveCfg = Release|Win32
		{EEF09563-7EBF-45C6-9C8D-1224F53D6271}.Release|x86.Build.0 = Release|Win32
		{E9296C88-9E7F-415C-AD1D-278094571199}.Debug|x64.ActiveCfg = Debug|x64
		{E9296C88-9E7F-415C-AD1D-278094571199}.Debug|x64.Build.0 = Debug|x64
		{E9296C88-9E7F-415C-AD1D-278094571199}.Debug|x86.ActiveCfg = Debug|Win32
		{E9296C88-9E7F-415C-AD1D-278094571199}.Debug|x86.Build.0 = Debug|Win32
		{E9296C88-9E7F-415C-AD1D-278094571199}.Release|x64.ActiveCfg = Release|x64
		{E9296C88-9E7F-415C-AD1D-278094571199}.Release|x64.Build.0 = Release|x64
		{E9296C88-9E7F-415C-AD1D-278094571199}.Release|x86.ActiveCfg = Release|Win32
		{E9296C88-9E7F-415C-AD1D-278094571199}.Release|x86.Build.0 = Release|Win32
		{3698247E-71C2-443C-88A7-7A0958AD134E}.Debug|x64.ActiveCfg = Debug|x64
		{3698247E-71C2-443C-88A7-7A0958AD134E}.Debug|x64.Build.0 = Debug|x64
		{3698247E-71C2-443C-88A7-7A0958AD134E}.Debug|x86.ActiveCfg = Debug|Win32
		{3698247E-71C2-443C-88A7-7A0958AD134E}.Debug|x86.Build.0 = Debug|Win32
		{3698247E-71C2-443C-88A7-7A0958AD134E}.Release|x64.ActiveCfg = Release|x64
		{3698247E-71C2-443C-88A7-7A0958AD134E}.Release|x64.Build.0 = Release|x64
		{3698247E-71C2-443C-88A7-7A0958AD134E}.Release|x86.ActiveCfg = Release|Win32
		{3698247E-71C2-443C-88A7-7A0958AD134E}.Release|x86.Build.0 = Release|Win32
		{DAE39CC9-8BFF-4F2C-A1FB-6D3EEFC291C8}.Debug|x64.ActiveCfg = Debug|x64
		{DAE39CC9-8BFF-4F2C-A1FB-6D3EEFC291C8}.Debug|x64.Build.0 = Debug|x64
		{DAE39CC9-8BFF-4F2C-A1FB-6D3EEFC291C8}.Debug|x86.ActiveCfg = Debug|Win32
		{DAE39CC9-8BFF-4F2C-A1FB-6D3EEFC291C8}.Debug|x86.Build.0 = Debug|Win32
		{DAE39CC9-8BFF-4F2C-A1FB-6D3EEFC291C8}.Release|x64.ActiveCfg = Release|x64
		{DAE39CC9-8BFF-4F2C-A1FB-6D3EEFC291C8}.Release|x64.Build.0 = Release|x64
		{DAE39CC9-8BFF-4F2C-A1FB-6D3EEFC291C8}.Release|x86.ActiveCfg = Release|Win32
		{DAE39CC9-8BFF-4F2C-A1FB-6D3EEFC291C8}.Release|x86.Build.0 = Release|Win32
		{B95ED96A-F3C8-4F66-AA57-DAC5AE522D2A}.Debug|x64.ActiveCfg = Debug|x64
		{B95ED96A-F3C8-4F66-AA57-DAC5AE522D2A}.Debug|x64.Build.0 = Debug|x64
		{B95ED96A-F3C8-4F66-AA57-DAC5AE522D2A}.Debug|x86.ActiveCfg = Debug|Win32
		{B95ED96A-F3C8-4F66-AA57-DAC5AE522D2A}.Debug|x86.Build.0 = Debug|Win32
		{B95ED96A-F3C8-4F66-AA57-DAC5AE522D2A}.Release|x64.ActiveCfg = Release|x64
		{B95ED96A-F3C8-4F66-AA57-DAC5AE522D2A}.Release|x64.Build.0 = Release|x64
		{B95ED96A-F3C8-4F66-AA57-DAC5AE522D2A}.Release|x86.ActiveCfg = Release|Win32
		{B95ED96A-F3C8-4F66-AA57-DAC5AE522D2A}.Release|x86.Build.0 = Release|Win32
		{9F44F1AE-C883-4348-9662-783471E96318}.Debug|x64.ActiveCfg = Debug|x64
		{9F44F1AE-C883-4348-9662-783471E96318}.Debug|x64.Build.0 = Debug|x64
		{9F44F1AE-C883-4348-9662-783471E96318}.Debug|x86.ActiveCfg = Debug|Win32
		{9F44F1AE-C883-4348-9662-783471E96318}.Debug|x86.Build.0 = Debug|Win32
		{9F44F1AE-C883-4348-9662-783471E96318}.Release|x64.ActiveCfg = Release|x64
		{9F44F1AE-C883-4348-9662-783471E96318}.Release|x64.Build.0 = Release|x64
		{9F44F1AE-C883-4348-9662-783471E96318}.Release|x86.ActiveCfg = Release|Win32
		{9F44F1AE-C883-4348-9662-783471E96318}.Release|x86.Build.0 = Release|Win32
		{DFCE386C-BE3F-4CE9-883B-003D908B65D5}.Debug|x64.ActiveCfg = Debug|x64
		{DFCE386C-BE3F-4CE9-883B-003D908B65D5}.Debug|x64.Build.0 = Debug|x64
		{DFCE386C-BE3F-4CE9-883B-003D908B65D5}.Debug|x86.ActiveCfg = Debug|Win32
		{DFCE386C-BE3F-4CE9-883B-003D908B65D5}.Debug|x86.Build.0 = Debug|Win32
		{DFCE386C-BE3F-4CE9-883B-003D908B65D5}.Release|x64.ActiveCfg = Release|x64
		{DFCE386C-BE3F-4CE9-883B-003D908B65D5}.Release|x64.Build.0 = Release|x64
		{DFCE386C-BE3F-4CE9-883B-003D908B65D5}.Release|x86.ActiveCfg = Release|Win32
		{DFCE386C-BE3F-4CE9-883B-003D908B65D5}.Release|x86.Build.0 = Release|Win32
		{B7331A04-69E0-47DC-A24B-4E2AF5B0020B}.Debug|x64.ActiveCfg = Debug|x64
		{B7331A04-69E0-47DC-A24B-4E2AF5B0020B}.Debug|x64.Build.0 = Debug|x64
		{B7331A04-69E0-47DC-A24B-4E2AF5B0020B}.Debug|x86.ActiveCfg = Debug|Win32
		{B7331A04-69E0-47DC-A24B-4E2AF5B0020B}.Debug|x86.Build.0 = Debug|Win32
		{B7331A04-69E0-47DC-A24B-4E2AF5B0020B}.Release|x64.ActiveCfg = Release|x64
		{B7331A04-69E0-47DC-A24B-4E2AF5B0020B}.Release|x64.Build.0 = Release|x64
		{B7331A04-69E0-47DC-A24B-4E2AF5B0020B}.Release|x86.ActiveCfg = Release|Win32
		{B7331A04-69E0-47DC-A24B-4E2AF5B0020B}.Release|x86.Build.0 = Release|Win32
		{D37E0D1C-469D-4350-9C4B-FD6608530885}.Debug|x64.ActiveCfg = Debug|x64
		{D37E0D1C-469D-4350-9C4B-FD6608530885}.Debug|x64.Build.0 = Debug|x64
		{D37E0D1C-469D-4350-9C4B-FD6608530885}.Debug|x86.ActiveCfg = Debug|Win32
		{D37E0D1C-469D-4350-9C4B-FD6608530885}.Debug|x86.Build.0 = Debug|Win32
		{D37E0D1C-469D-4350-9C4B-FD6608530885}.Release|x64.ActiveCfg = Release|x64
		{D37E0D1C-469D-4350-9C4B-FD6608530885}.Release|x64.Build.0 = Release|x64
		{D37E0D1C-469D-4350-9C4B-FD6608530885}.Release|x86.ActiveCfg = Release|Win32
		{D37E0D1C-469D-4350-9C4B-FD6608530885}.Release|x86.Build.0 = Release|Win32
		{87FD4BAC-3F1D-4259-99BF-78D113934498}.Debug|x64.ActiveCfg = Debug|x64
		{87FD4BAC-3F1D-4259-99BF-78D113934498}.Debug|x64.Build.0 = Debug|x64
		{87FD4BAC-3F1D-4259-99BF-78D113934498}.Debug|x86.ActiveCfg = Debug|Win32
		{87FD4BAC-3F1D-4259-99BF-78D113934498}.Debug|x86.Build.0 = Debug|Win32
		{87FD4BAC-3F1D-4259-99BF-78D113934498}.Release|x64.ActiveCfg = Release|x64
		{87FD4BAC-3F1D-4259-99BF-78D113934498}.Release|x64.Build.0 = Release|x64
		{87FD4BAC-3F1D-4259-99BF-78D113934498}.Release|x86.ActiveCfg = Release|Win32
		{87FD4BAC-3F1D-4259-99BF-78D113934498}.Release|x86.Build.0 = Release|Win32
		{6494F6DD-4219-41C7-8DDC-0BD5A5732FDA}.Debug|x64.ActiveCfg = Debug|x64
		{6494F6DD-4219-41C7-8DDC-0BD5A5732FDA}.Debug|x64.Build.0 = Debug|x64
		{6494F6DD-4219-41C7-8DDC-0BD5A5732FDA}.Debug|x86.ActiveCfg = Debug|Win32
		{6494F6DD-4219-41C7-8DDC-0BD5A5732FDA}.Debug|x86.Build.0 = Debug|Win32
		{6494F6DD-4219-41C7-8DDC-0BD5A5732FDA}.Release|x64.ActiveCfg = Release|x64
		{6494F6DD-4219-41C7-8DDC-0BD5A5732FDA}.Release|x64.Build.0 = Release|x64
		{6494F6DD-4219-41C7-8DDC-0BD5A5732FDA}.Release|x86.ActiveCfg = Release|Win32
		{6494F6DD-4219-41C7-8DDC-0BD5A5732FDA}.Release|x86.Build.0 = Release|Win32
		{8B49A040-51A6-4245-8DFE-8474D92DD66E}.Debug|x64.ActiveCfg = Debug|x64
		{8B49A040-51A6-4245-8DFE-8474D92DD66E}.Debug|x64.Build.0 = Debug|x64
		{8B49A040-51A6-4245-8DFE-8474D92DD66E}.Debug|x86.ActiveCfg = Debug|Win32
		{8B49A040-51A6-4245-8DFE-8474D92DD66E}.Debug|x86.Build.0 = Debug|Win32
		{8B49A040-51A6-4245-8DFE-8474D92DD66E}.Release|x64.ActiveCfg = Release|x64
		{8B49A040-51A6-4245-8DFE-8474D92DD66E}.Release|x64.Build.0 = Release|x64
		{8B49A040-51A6-4245-8DFE-8474D92DD66E}.Release|x86.ActiveCfg = Release|Win32
		{8B49A040-51A6-4245-8DFE-8474D92DD66E}.Release|x86.Build.0 = Release|Win32
		{91ABF2E6-D4D9-4027-8CE9-6E5C758B7967}.Debug|x64.ActiveCfg = Debug|x64
		{91ABF2E6-D4D9-4027-8CE9-6E5C758B7967}.Debug|x64.Build.0 = Debug|x64
		{91ABF2E6-D4D9-4027-8CE9-6E5C758B7967}.Debug|x86.ActiveCfg = Debug|Win32
		{91ABF2E6-D4D9-4027-8CE9-6E5C758B7967}.Debug|x86.Build.0 = Debug|Win32
		{91ABF2E6-D4D9-4027-8CE9-6E5C758B7967}.Release|x64.ActiveCfg = Release|x64
		{91ABF2E6-D4D9-4027-8CE9-6E5C758B7967}.Release|x64.Build.0 = Release|x64
		{91ABF2E6-D4D9-4027-8CE9-6E5C758B7967}.Release|x86.ActiveCfg = Release|Win32
		{91ABF2E6-D4D9-4027-8CE9-6E5C758B7967}.Release|x86.Build.0 = Release|Win32
		{C1AE2FDE-59A6-4235-936C-85C808525580}.Debug|x64.ActiveCfg = Debug|x64
		{C1AE2FDE-59A6-4235-936C-85C808525580}.Debug|x64.Build.0 = Debug|x64
		{C1AE2FDE-59A6-4235-936C-85C808525580}.Debug|x86.ActiveCfg = Debug|Win32
		{C1AE2FDE-59A6-4235-936C-85C808525580}.Debug|x86.Build.0 = Debug|Win32
		{C1AE2FDE-59A6-4235-936C-85C808525580}.Release|x64.ActiveCfg = Release|x64
		{C1AE2FDE-59A6-4235-936C-85C808525580}.Release|x64.Build.0 = Release|x64
		{C1AE2FDE-59A6-4235-936C-85C808525580}.Release|x86.ActiveCfg = Release|Win32
		{C1AE2FDE-59A6-4235-936C-85C808525580}.Release|x86.Build.0 = Release|Win32
		{0B0B8E7E-ADB7-4CD1-A779-97189149E347}.Debug|x64.ActiveCfg = Debug|x64
		{0B0B8E7E-ADB7-4CD1-A779-97189149E347}.Debug|x64.Build.0 = Debug|x64
		{0B0B8E7E-ADB7-4CD1-A779-97189149E347}.Debug|x86.ActiveCfg = Debug|Win32
		{0B0B8E7E-ADB7-4CD1-A779-97189149E347}.Debug|x86.Build.0 = Debug|Win32
		{0B0B8E7E-ADB7-4CD1-A779-97189149E347}.Release|x64.ActiveCfg = Release|x64
		{0B0B8E7E-ADB7-4CD1-A779-97189149E347}.Release|x64.Build.0 = Release|x64
		{0B0B8E7E-ADB7-4CD1-A779-97189149E347}.Release|x86.ActiveCfg = Release|Win32
		{0B0B8E7E-ADB7-4CD1-A779-97189149E347}.Release|x86.Build.0 = Release|Win32
		{74E2261E-F6B5-4AC2-B108-3C3EC199D2AC}.Debug|x64.ActiveCfg = Debug|x64
		{74E2261E-F6B5-4AC2-B108-3C3EC199D2AC}.Debug|x64.Build.0 = Debug|x64
		{74E2261E-F6B5-4AC2-B108-3C3EC199D2AC}.Debug|x86.ActiveCfg = Debug|Win32
		{74E2261E-F6B5-4AC2-B108-3C3EC199D2AC}.Debug|x86.Build.0 = Debug|Win32
		{74E2261E-F6B5-4AC2-B108-3C3EC199D2AC}.Release|x64.ActiveCfg = Release|x64
		{74E2261E-F6B5-4AC2-B108-3C3EC199D2AC}.Release|x64.Build.0 = Release|x64
		{74E2261E-F6B5-4AC2-B108-3C3EC199D2AC}.Release|x86.ActiveCfg = Release|Win32
		{74E2261E-F6B5-4AC2-B108-3C3EC199D2AC}.Release|x86.Build.0 = Release|Win32
		{CA295AF8-DA25-4416-A3A9-111402521058}.Debug|x64.ActiveCfg = Debug|x64
		{CA295AF8-DA25-4416-A3A9-111402521058}.Debug|x64.Build.0 = Debug|x64
		{CA295AF8-DA25-4416-A3A9-111402521058}.Debug|x86.ActiveCfg = Debug|Win32
		{CA295AF8-DA25-4416-A3A9-111402521058}.Debug|x86.Build.0 = Debug|Win32
		{CA295AF8-DA25-4416-A3A9-111402521058}.Release|x64.ActiveCfg = Release|x64
		{CA295AF8-DA25-4416-A3A9-111402521058}.Release|x64.Build.0 = Release|x64
		{CA295AF8-DA25-4416-A3A9-111402521058}.Release|x86.ActiveCfg = Release|Win32
		{CA295AF8-DA25-4416-A3A9-111402521058}.Release|x86.Build.0 = Release|Win32
		{9B7ADB9A-8501-4F54-AAB2-A9A90AFF644D}.Debug|x64.ActiveCfg = Debug|x64
		{9B7ADB9A-8501-4F54-AAB2-A9A90AFF644D}.Debug|x64.Build.0 = Debug|x64
		{9B7ADB9A-8501-4F54-AAB2-A9A90AFF644D}.Debug|x86.ActiveCfg = Debug|Win32
		{9B7ADB9A-8501-4F54-AAB2-A9A90AFF644D}.Debug|x86.Build.0 = Debug|Win32
		{9B7ADB9A-8501-4F54-AAB2-A9A90AFF644D}.Release|x64.ActiveCfg = Release|x64
		{9B7ADB9A-8501-4F54-AAB2-A9A90AFF644D}.Release|x64.Build.0 = Release|x64
		{9B7ADB9A-8501-4F54-AAB2-A9A90AFF644D}.Release|x86.ActiveCfg = Release|Win32
		{9B7ADB9A-8501-4F54-AAB2-A9A90AFF644D}.Release|x86.Build.0 = Release|Win32
		{CA255360-97BA-4692-A7CF-3DD3A8E6D08B}.Debug|x64.ActiveCfg = Debug|x64
		{CA255360-97BA-4692-A7CF-3DD3A8E6D08B}.Debug|x64.Build.0 = Debug|x64
		{CA255360-97BA-4692-A7CF-3DD3A8E6D08B}.Debug|x86.ActiveCfg = Debug|Win32
		{CA255360-97BA-4692-A7CF-3DD3A8E6D08B}.Debug|x86.Build.0 = Debug|Win32
		{CA255360-97BA-4692-A7CF-3DD3A8E6D08B}.Release|x64.ActiveCfg = Release|x64
		{CA255360-97BA-4692-A7CF-3DD3A8E6D08B}.Release|x64.Build.0 = Release|x64
		{CA255360-97BA-4692-A7CF-3DD3A8E6D08B}.Release|x86.ActiveCfg = Release|Win32
		{CA255360-97BA-4692-A7CF-3DD3A8E6D08B}.Release|x86.Build.0 = Release|Win32
		{84364F52-1D89-4492-B689-D477CE8B7F23}.Debug|x64.ActiveCfg = Debug|x64
		{84364F52-1D89-4492-B689-D477CE8B7F23}.Debug|x64.Build.0 = Debug|x64
		{84364F52-1D89-4492-B689-D477CE8B7F23}.Debug|x86.ActiveCfg = Debug|Win32
		{84364F52-1D89-4492-B689-D477CE8B7F23}.Debug|x86.Build.0 = Debug|Win32
		{84364F52-1D89-4492-B689-D477CE8B7F23}.Release|x64.ActiveCfg = Release|x64
		{84364F52-1D89-4492-B689-D477CE8B7F23}.Release|x64.Build.0 = Release|x64
		{84364F52-1D89-4492-B689-D477CE8B7F23}.Release|x86.ActiveCfg = Release|Win32
		{84364F52-1D89-4492-B689-D477CE8B7F23}.Release|x86.Build.0 = Release|Win32
		{9D2DA4D3-3EBF-462C-898D-DC6B2E7729A2}.Debug|x64.ActiveCfg = Debug|x64
		{9D2DA4D3-3EBF-462C-898D-DC6B2E7729A2}.Debug|x64.Build.0 = Debug|x64
		{9D2DA4D3-3EBF-462C-898D-DC6B2E7729A2}.Debug|x86.ActiveCfg = Debug|Win32
		{9D2DA4D3-3EBF-462C-898D-DC6B2E7729A2}.Debug|x86.Build.0 = Debug|Win32
		{9D2DA4D3-3EBF-462C-898D-DC6B2E7729A2}.Release|x64.ActiveCfg = Release|x64
		{9D2DA4D3-3EBF-462C-898D-DC6B2E7729A2}.Release|x64.Build.0 = Release|x64
		{9D2DA4D3-3EBF-462C-898D-DC6B2E7729A2}.Release|x86.ActiveCfg = Release|Win32
		{9D2DA4D3-3EBF-462C-898D-DC6B2E7729A2}.Release|x86.Build.0 = Release|Win32
		{59E458E7-B7D8-4215-A7A3-8C9E0351F7B2}.Debug|x64.ActiveCfg = Debug|x64
		{59E458E7-B7D8-4215-A7A3-8C9E0351F7B2}.Debug|x64.Build.0 = Debug|x64
		{59E458E7-B7D8-4215-A7A3-8C9E0351F7B2}.Debug|x86.ActiveCfg = Debug|Win32
		{59E458E7-B7D8-4215-A7A3-8C9E0351F7B2}.Debug|x86.Build.0 = Debug|Win32
		{59E458E7-B7D8-4215-A7A3-8C9E0351F7B2}.Release|x64.ActiveCfg = Release|x64
		{59E458E7-B7D8-4215-A7A3-8C9E0351F7B2}.Release|x64.Build.0 = Release|x64
		{59E458E7-B7D8-4215-A7A3-8C9E0351F7B2}.Release|x86.ActiveCfg = Release|Win32
		{59E458E7-B7D8-4215-A7A3-8C9E0351F7B2}.Release|x86.Build.0 = Release|Win32
		{0C3CE534-92A6-4A28-A1FF-97000DDCCD14}.Debug|x64.ActiveCfg = Debug|x64
		{0C3CE534-92A6-4A28-A1FF-97000DDCCD14}.Debug|x64.Build.0 = Debug|x64
		{0C3CE534-92A6-4A28-A1FF-97000DDCCD14}.Debug|x86.ActiveCfg = Debug|Win32
		{0C3CE534-92A6-4A28-A1FF-97000DDCCD14}.Debug|x86.Build.0 = Debug|Win32
		{0C3CE534-92A6-4A28-A1FF-97000DDCCD14}.Release|x64.ActiveCfg = Release|x64
		{0C3CE534-92A6-4A28-A1FF-97000DDCCD14}.Release|x64.Build.0 = Release|x64
		{0C3CE534-92A6-4A28-A1FF-97000DDCCD14}.Release|x86.ActiveCfg = Release|Win32
		{0C3CE534-92A6-4A28-A1FF-97000DDCCD14}.Release|x86.Build.0 = Release|Win32
	EndGlobalSection
	GlobalSection(SolutionProperties) = preSolution
		HideSolutionNode = FALSE
	EndGlobalSection
	GlobalSection(ExtensibilityGlobals) = postSolution
		SolutionGuid = {A1212201-BD14-440B-9113-2DDB6BD65404}
	EndGlobalSection
EndGlobal
